
Microsoft Visual Studio Solution File, Format Version 12.00
# Visual Studio Version 16
VisualStudioVersion = 16.0.30523.141
MinimumVisualStudioVersion = 10.0.40219.1
Project("{FAE04EC0-301F-11D3-BF4B-00C04F79EFBC}") = "Sklad", "Sklad\Sklad.csproj", "{B42EB4EE-4C1C-4D54-8B7A-11DCBF1344CA}"
EndProject
Global
	GlobalSection(SolutionConfigurationPlatforms) = preSolution
		Debug|Any CPU = Debug|Any CPU
		Release|Any CPU = Release|Any CPU
	EndGlobalSection
	GlobalSection(ProjectConfigurationPlatforms) = postSolution
		{B42EB4EE-4C1C-4D54-8B7A-11DCBF1344CA}.Debug|Any CPU.ActiveCfg = Debug|Any CPU
		{B42EB4EE-4C1C-4D54-8B7A-11DCBF1344CA}.Debug|Any CPU.Build.0 = Debug|Any CPU
		{B42EB4EE-4C1C-4D54-8B7A-11DCBF1344CA}.Release|Any CPU.ActiveCfg = Release|Any CPU
		{B42EB4EE-4C1C-4D54-8B7A-11DCBF1344CA}.Release|Any CPU.Build.0 = Release|Any CPU
	EndGlobalSection
	GlobalSection(SolutionProperties) = preSolution
		HideSolutionNode = FALSE
	EndGlobalSection
	GlobalSection(ExtensibilityGlobals) = postSolution
		SolutionGuid = {328AE399-C06F-4662-B7B1-BC2EDB575C03}
	EndGlobalSection
EndGlobal
